// !$*UTF8*$!
{
	archiveVersion = 1;
	classes = {
	};
	objectVersion = 50;
	objects = {

/* Begin PBXBuildFile section */
		CE12AFEA2643F74200800F41 /* AppDelegate.swift in Sources */ = {isa = PBXBuildFile; fileRef = CE12AFE92643F74200800F41 /* AppDelegate.swift */; };
		CE12AFEC2643F74200800F41 /* ViewController.swift in Sources */ = {isa = PBXBuildFile; fileRef = CE12AFEB2643F74200800F41 /* ViewController.swift */; };
		CE12AFEF2643F74200800F41 /* Main.storyboard in Resources */ = {isa = PBXBuildFile; fileRef = CE12AFED2643F74200800F41 /* Main.storyboard */; };
		CE12AFF12643F74300800F41 /* Assets.xcassets in Resources */ = {isa = PBXBuildFile; fileRef = CE12AFF02643F74300800F41 /* Assets.xcassets */; };
		CE12AFF42643F74300800F41 /* LaunchScreen.storyboard in Resources */ = {isa = PBXBuildFile; fileRef = CE12AFF22643F74300800F41 /* LaunchScreen.storyboard */; };
		CE12AFFC2643FAA100800F41 /* MyCollectionViewCell.swift in Sources */ = {isa = PBXBuildFile; fileRef = CE12AFFB2643FAA100800F41 /* MyCollectionViewCell.swift */; };
		CE12AFFE2643FB3B00800F41 /* SecondViewController.swift in Sources */ = {isa = PBXBuildFile; fileRef = CE12AFFD2643FB3B00800F41 /* SecondViewController.swift */; };
/* End PBXBuildFile section */

/* Begin PBXFileReference section */
		CE12AFE62643F74200800F41 /* CApp.app */ = {isa = PBXFileReference; explicitFileType = wrapper.application; includeInIndex = 0; path = CApp.app; sourceTree = BUILT_PRODUCTS_DIR; };
		CE12AFE92643F74200800F41 /* AppDelegate.swift */ = {isa = PBXFileReference; lastKnownFileType = sourcecode.swift; path = AppDelegate.swift; sourceTree = "<group>"; };
		CE12AFEB2643F74200800F41 /* ViewController.swift */ = {isa = PBXFileReference; lastKnownFileType = sourcecode.swift; path = ViewController.swift; sourceTree = "<group>"; };
		CE12AFEE2643F74200800F41 /* Base */ = {isa = PBXFileReference; lastKnownFileType = file.storyboard; name = Base; path = Base.lproj/Main.storyboard; sourceTree = "<group>"; };
		CE12AFF02643F74300800F41 /* Assets.xcassets */ = {isa = PBXFileReference; lastKnownFileType = folder.assetcatalog; path = Assets.xcassets; sourceTree = "<group>"; };
		CE12AFF32643F74300800F41 /* Base */ = {isa = PBXFileReference; lastKnownFileType = file.storyboard; name = Base; path = Base.lproj/LaunchScreen.storyboard; sourceTree = "<group>"; };
		CE12AFF52643F74300800F41 /* Info.plist */ = {isa = PBXFileReference; lastKnownFileType = text.plist.xml; path = Info.plist; sourceTree = "<group>"; };
		CE12AFFB2643FAA100800F41 /* MyCollectionViewCell.swift */ = {isa = PBXFileReference; lastKnownFileType = sourcecode.swift; path = MyCollectionViewCell.swift; sourceTree = "<group>"; };
		CE12AFFD2643FB3B00800F41 /* SecondViewController.swift */ = {isa = PBXFileReference; lastKnownFileType = sourcecode.swift; path = SecondViewController.swift; sourceTree = "<group>"; };
/* End PBXFileReference section */

/* Begin PBXFrameworksBuildPhase section */
		CE12AFE32643F74200800F41 /* Frameworks */ = {
			isa = PBXFrameworksBuildPhase;
			buildActionMask = 2147483647;
			files = (
			);
			runOnlyForDeploymentPostprocessing = 0;
		};
/* End PBXFrameworksBuildPhase section */

/* Begin PBXGroup section */
		CE12AFDD2643F74100800F41 = {
			isa = PBXGroup;
			children = (
				CE12AFE82643F74200800F41 /* CApp */,
				CE12AFE72643F74200800F41 /* Products */,
			);
			sourceTree = "<group>";
		};
		CE12AFE72643F74200800F41 /* Products */ = {
			isa = PBXGroup;
			children = (
				CE12AFE62643F74200800F41 /* CApp.app */,
			);
			name = Products;
			sourceTree = "<group>";
		};
		CE12AFE82643F74200800F41 /* CApp */ = {
			isa = PBXGroup;
			children = (
				CE12AFE92643F74200800F41 /* AppDelegate.swift */,
				CE12AFEB2643F74200800F41 /* ViewController.swift */,
				CE12AFFD2643FB3B00800F41 /* SecondViewController.swift */,
				CE12AFED2643F74200800F41 /* Main.storyboard */,
				CE12AFF02643F74300800F41 /* Assets.xcassets */,
				CE12AFF22643F74300800F41 /* LaunchScreen.storyboard */,
				CE12AFF52643F74300800F41 /* Info.plist */,
				CE12AFFB2643FAA100800F41 /* MyCollectionViewCell.swift */,
			);
			path = CApp;
			sourceTree = "<group>";
		};
/* End PBXGroup section */

/* Begin PBXNativeTarget section */
		CE12AFE52643F74200800F41 /* CApp */ = {
			isa = PBXNativeTarget;
			buildConfigurationList = CE12AFF82643F74300800F41 /* Build configuration list for PBXNativeTarget "CApp" */;
			buildPhases = (
				CE12AFE22643F74200800F41 /* Sources */,
				CE12AFE32643F74200800F41 /* Frameworks */,
				CE12AFE42643F74200800F41 /* Resources */,
			);
			buildRules = (
			);
			dependencies = (
			);
			name = CApp;
			productName = CApp;
			productReference = CE12AFE62643F74200800F41 /* CApp.app */;
			productType = "com.apple.product-type.application";
		};
/* End PBXNativeTarget section */

/* Begin PBXProject section */
		CE12AFDE2643F74100800F41 /* Project object */ = {
			isa = PBXProject;
			attributes = {
				LastSwiftUpdateCheck = 1010;
				LastUpgradeCheck = 1010;
				ORGANIZATIONNAME = JerryStdudio;
				TargetAttributes = {
					CE12AFE52643F74200800F41 = {
						CreatedOnToolsVersion = 10.1;
					};
				};
			};
			buildConfigurationList = CE12AFE12643F74100800F41 /* Build configuration list for PBXProject "CApp" */;
			compatibilityVersion = "Xcode 9.3";
			developmentRegion = en;
			hasScannedForEncodings = 0;
			knownRegions = (
				en,
				Base,
			);
			mainGroup = CE12AFDD2643F74100800F41;
			productRefGroup = CE12AFE72643F74200800F41 /* Products */;
			projectDirPath = "";
			projectRoot = "";
			targets = (
				CE12AFE52643F74200800F41 /* CApp */,
			);
		};
/* End PBXProject section */

/* Begin PBXResourcesBuildPhase section */
		CE12AFE42643F74200800F41 /* Resources */ = {
			isa = PBXResourcesBuildPhase;
			buildActionMask = 2147483647;
			files = (
				CE12AFF42643F74300800F41 /* LaunchScreen.storyboard in Resources */,
				CE12AFF12643F74300800F41 /* Assets.xcassets in Resources */,
				CE12AFEF2643F74200800F41 /* Main.storyboard in Resources */,
			);
			runOnlyForDeploymentPostprocessing = 0;
		};
/* End PBXResourcesBuildPhase section */

/* Begin PBXSourcesBuildPhase section */
		CE12AFE22643F74200800F41 /* Sources */ = {
			isa = PBXSourcesBuildPhase;
			buildActionMask = 2147483647;
			files = (
				CE12AFFE2643FB3B00800F41 /* SecondViewController.swift in Sources */,
				CE12AFEC2643F74200800F41 /* ViewController.swift in Sources */,
				CE12AFEA2643F74200800F41 /* AppDelegate.swift in Sources */,
				CE12AFFC2643FAA100800F41 /* MyCollectionViewCell.swift in Sources */,
			);
			runOnlyForDeploymentPostprocessing = 0;
		};
/* End PBXSourcesBuildPhase section */

/* Begin PBXVariantGroup section */
		CE12AFED2643F74200800F41 /* Main.storyboard */ = {
			isa = PBXVariantGroup;
			children = (
				CE12AFEE2643F74200800F41 /* Base */,
			);
			name = Main.storyboard;
			sourceTree = "<group>";
		};
		CE12AFF22643F74300800F41 /* LaunchScreen.storyboard */ = {
			isa = PBXVariantGroup;
			children = (
				CE12AFF32643F74300800F41 /* Base */,
			);
			name = LaunchScreen.storyboard;
			sourceTree = "<group>";
		};
/* End PBXVariantGroup section */

/* Begin XCBuildConfiguration section */
		CE12AFF62643F74300800F41 /* Debug */ = {
			isa = XCBuildConfiguration;
			buildSettings = {
				ALWAYS_SEARCH_USER_PATHS = NO;
				CLANG_ANALYZER_NONNULL = YES;
				CLANG_ANALYZER_NUMBER_OBJECT_CONVERSION = YES_AGGRESSIVE;
				CLANG_CXX_LANGUAGE_STANDARD = "gnu++14";
				CLANG_CXX_LIBRARY = "libc++";
				CLANG_ENABLE_MODULES = YES;
				CLANG_ENABLE_OBJC_ARC = YES;
				CLANG_ENABLE_OBJC_WEAK = YES;
				CLANG_WARN_BLOCK_CAPTURE_AUTORELEASING = YES;
				CLANG_WARN_BOOL_CONVERSION = YES;
				CLANG_WARN_COMMA = YES;
				CLANG_WARN_CONSTANT_CONVERSION = YES;
				CLANG_WARN_DEPRECATED_OBJC_IMPLEMENTATIONS = YES;
				CLANG_WARN_DIRECT_OBJC_ISA_USAGE = YES_ERROR;
				CLANG_WARN_DOCUMENTATION_COMMENTS = YES;
				CLANG_WARN_EMPTY_BODY = YES;
				CLANG_WARN_ENUM_CONVERSION = YES;
				CLANG_WARN_INFINITE_RECURSION = YES;
				CLANG_WARN_INT_CONVERSION = YES;
				CLANG_WARN_NON_LITERAL_NULL_CONVERSION = YES;
				CLANG_WARN_OBJC_IMPLICIT_RETAIN_SELF = YES;
				CLANG_WARN_OBJC_LITERAL_CONVERSION = YES;
				CLANG_WARN_OBJC_ROOT_CLASS = YES_ERROR;
				CLANG_WARN_RANGE_LOOP_ANALYSIS = YES;
				CLANG_WARN_STRICT_PROTOTYPES = YES;
				CLANG_WARN_SUSPICIOUS_MOVE = YES;
				CLANG_WARN_UNGUARDED_AVAILABILITY = YES_AGGRESSIVE;
				CLANG_WARN_UNREACHABLE_CODE = YES;
				CLANG_WARN__DUPLICATE_METHOD_MATCH = YES;
				CODE_SIGN_IDENTITY = "iPhone Developer";
				COPY_PHASE_STRIP = NO;
				DEBUG_INFORMATION_FORMAT = dwarf;
				ENABLE_STRICT_OBJC_MSGSEND = YES;
				ENABLE_TESTABILITY = YES;
				GCC_C_LANGUAGE_STANDARD = gnu11;
				GCC_DYNAMIC_NO_PIC = NO;
				GCC_NO_COMMON_BLOCKS = YES;
				GCC_OPTIMIZATION_LEVEL = 0;
				GCC_PREPROCESSOR_DEFINITIONS = (
					"DEBUG=1",
					"$(inherited)",
				);
				GCC_WARN_64_TO_32_BIT_CONVERSION = YES;
				GCC_WARN_ABOUT_RETURN_TYPE = YES_ERROR;
				GCC_WARN_UNDECLARED_SELECTOR = YES;
				GCC_WARN_UNINITIALIZED_AUTOS = YES_AGGRESSIVE;
				GCC_WARN_UNUSED_FUNCTION = YES;
				GCC_WARN_UNUSED_VARIABLE = YES;
				IPHONEOS_DEPLOYMENT_TARGET = 12.1;
				MTL_ENABLE_DEBUG_INFO = INCLUDE_SOURCE;
				MTL_FAST_MATH = YES;
				ONLY_ACTIVE_ARCH = YES;
				SDKROOT = iphoneos;
				SWIFT_ACTIVE_COMPILATION_CONDITIONS = DEBUG;
				SWIFT_OPTIMIZATION_LEVEL = "-Onone";
			};
			name = Debug;
		};
		CE12AFF72643F74300800F41 /* Release */ = {
			isa = XCBuildConfiguration;
			buildSettings = {
				ALWAYS_SEARCH_USER_PATHS = NO;
				CLANG_ANALYZER_NONNULL = YES;
				CLANG_ANALYZER_NUMBER_OBJECT_CONVERSION = YES_AGGRESSIVE;
				CLANG_CXX_LANGUAGE_STANDARD = "gnu++14";
				CLANG_CXX_LIBRARY = "libc++";
				CLANG_ENABLE_MODULES = YES;
				CLANG_ENABLE_OBJC_ARC = YES;
				CLANG_ENABLE_OBJC_WEAK = YES;
				CLANG_WARN_BLOCK_CAPTURE_AUTORELEASING = YES;
				CLANG_WARN_BOOL_CONVERSION = YES;
				CLANG_WARN_COMMA = YES;
				CLANG_WARN_CONSTANT_CONVERSION = YES;
				CLANG_WARN_DEPRECATED_OBJC_IMPLEMENTATIONS = YES;
				CLANG_WARN_DIRECT_OBJC_ISA_USAGE = YES_ERROR;
				CLANG_WARN_DOCUMENTATION_COMMENTS = YES;
				CLANG_WARN_EMPTY_BODY = YES;
				CLANG_WARN_ENUM_CONVERSION = YES;
				CLANG_WARN_INFINITE_RECURSION = YES;
				CLANG_WARN_INT_CONVERSION = YES;
				CLANG_WARN_NON_LITERAL_NULL_CONVERSION = YES;
				CLANG_WARN_OBJC_IMPLICIT_RETAIN_SELF = YES;
				CLANG_WARN_OBJC_LITERAL_CONVERSION = YES;
				CLANG_WARN_OBJC_ROOT_CLASS = YES_ERROR;
				CLANG_WARN_RANGE_LOOP_ANALYSIS = YES;
				CLANG_WARN_STRICT_PROTOTYPES = YES;
				CLANG_WARN_SUSPICIOUS_MOVE = YES;
				CLANG_WARN_UNGUARDED_AVAILABILITY = YES_AGGRESSIVE;
				CLANG_WARN_UNREACHABLE_CODE = YES;
				CLANG_WARN__DUPLICATE_METHOD_MATCH = YES;
				CODE_SIGN_IDENTITY = "iPhone Developer";
				COPY_PHASE_STRIP = NO;
				DEBUG_INFORMATION_FORMAT = "dwarf-with-dsym";
				ENABLE_NS_ASSERTIONS = NO;
				ENABLE_STRICT_OBJC_MSGSEND = YES;
				GCC_C_LANGUAGE_STANDARD = gnu11;
				GCC_NO_COMMON_BLOCKS = YES;
				GCC_WARN_64_TO_32_BIT_CONVERSION = YES;
				GCC_WARN_ABOUT_RETURN_TYPE = YES_ERROR;
				GCC_WARN_UNDECLARED_SELECTOR = YES;
				GCC_WARN_UNINITIALIZED_AUTOS = YES_AGGRESSIVE;
				GCC_WARN_UNUSED_FUNCTION = YES;
				GCC_WARN_UNUSED_VARIABLE = YES;
				IPHONEOS_DEPLOYMENT_TARGET = 12.1;
				MTL_ENABLE_DEBUG_INFO = NO;
				MTL_FAST_MATH = YES;
				SDKROOT = iphoneos;
				SWIFT_COMPILATION_MODE = wholemodule;
				SWIFT_OPTIMIZATION_LEVEL = "-O";
				VALIDATE_PRODUCT = YES;
			};
			name = Release;
		};
		CE12AFF92643F74300800F41 /* Debug */ = {
			isa = XCBuildConfiguration;
			buildSettings = {
				ASSETCATALOG_COMPILER_APPICON_NAME = AppIcon;
				CODE_SIGN_STYLE = Automatic;
				DEVELOPMENT_TEAM = N866AKWZY7;
				INFOPLIST_FILE = CApp/Info.plist;
				LD_RUNPATH_SEARCH_PATHS = (
					"$(inherited)",
					"@executable_path/Frameworks",
				);
				PRODUCT_BUNDLE_IDENTIFIER = com.JerryStdudio.CApp;
				PRODUCT_NAME = "$(TARGET_NAME)";
				SWIFT_VERSION = 4.2;
				TARGETED_DEVICE_FAMILY = "1,2";
			};
			name = Debug;
		};
		CE12AFFA2643F74300800F41 /* Release */ = {
			isa = XCBuildConfiguration;
			buildSettings = {
				ASSETCATALOG_COMPILER_APPICON_NAME = AppIcon;
				CODE_SIGN_STYLE = Automatic;
				DEVELOPMENT_TEAM = N866AKWZY7;
				INFOPLIST_FILE = CApp/Info.plist;
				LD_RUNPATH_SEARCH_PATHS = (
					"$(inherited)",
					"@executable_path/Frameworks",
				);
				PRODUCT_BUNDLE_IDENTIFIER = com.JerryStdudio.CApp;
				PRODUCT_NAME = "$(TARGET_NAME)";
				SWIFT_VERSION = 4.2;
				TARGETED_DEVICE_FAMILY = "1,2";
			};
			name = Release;
		};
/* End XCBuildConfiguration section */

/* Begin XCConfigurationList section */
		CE12AFE12643F74100800F41 /* Build configuration list for PBXProject "CApp" */ = {
			isa = XCConfigurationList;
			buildConfigurations = (
				CE12AFF62643F74300800F41 /* Debug */,
				CE12AFF72643F74300800F41 /* Release */,
			);
			defaultConfigurationIsVisible = 0;
			defaultConfigurationName = Release;
		};
		CE12AFF82643F74300800F41 /* Build configuration list for PBXNativeTarget "CApp" */ = {
			isa = XCConfigurationList;
			buildConfigurations = (
				CE12AFF92643F74300800F41 /* Debug */,
				CE12AFFA2643F74300800F41 /* Release */,
			);
			defaultConfigurationIsVisible = 0;
			defaultConfigurationName = Release;
		};
/* End XCConfigurationList section */
	};
	rootObject = CE12AFDE2643F74100800F41 /* Project object */;
}
